{
  "version": 4,
  "terraform_version": "1.10.3",
  "serial": 46,
  "lineage": "9ee56fbc-6791-06b6-c911-ab0d9c65a650",
  "outputs": {
    "athena_query_results_bucket": {
      "value": "aws-health-events-athena-results-686255945458-us-east-1",
      "type": "string"
    },
    "athena_workgroup_name": {
      "value": "health-events-workgroup",
      "type": "string"
    },
    "firehose_delivery_stream": {
      "value": "Aws-Health-Events-Delivery-Stream",
      "type": "string"
    },
    "grafana_workspace_endpoint": {
      "value": "g-42c18c74b2.grafana-workspace.us-east-1.amazonaws.com",
      "type": "string"
    },
    "health_event_rule_arn": {
      "value": "arn:aws:events:us-east-1:686255945458:rule/aws-health-events-records",
      "type": "string"
    },
    "health_events_bucket": {
      "value": "aws-health-events-records-686255945458-us-east-1",
      "type": "string"
    },
    "health_events_database": {
      "value": "aws-health-event-records",
      "type": "string"
    }
  },
  "resources": [
    {
      "mode": "data",
      "type": "aws_partition",
      "name": "current",
      "provider": "provider[\"registry.terraform.io/hashicorp/aws\"]",
      "instances": [
        {
          "schema_version": 0,
          "attributes": {
            "dns_suffix": "amazonaws.com",
            "id": "aws",
            "partition": "aws",
            "reverse_dns_prefix": "com.amazonaws"
          },
          "sensitive_attributes": []
        }
      ]
    },
    {
      "mode": "managed",
      "type": "aws_athena_named_query",
      "name": "health_view_query",
      "provider": "provider[\"registry.terraform.io/hashicorp/aws\"]",
      "instances": [
        {
          "schema_version": 0,
          "attributes": {
            "database": "aws-health-event-records",
            "description": "AWS Health event summary view for Dashboard reporting purpose",
            "id": "b7aeab8d-1e03-45b9-92bc-7a6929782904",
            "name": "AWS_Health_Summary_View",
            "query": "CREATE OR REPLACE VIEW \"aws_health_view\" AS\nSELECT DISTINCT\n  \"year\"\n, \"month\"\n, \"day\"\n, \"eventarn\"\n, \"service\"\n, \"communicationid\"\n, \"eventregion\"\n, \"eventtypecode\"\n, \"eventtypecategory\"\n, date_format(date_parse(regexp_replace(\"starttime\", ' GMT$', ''),'%a, %e %b %Y %H:%i:%s'), '%Y-%m-%d-%H:%i') AS event_starttime\n, date_format(date_parse(regexp_replace(\"endtime\", ' GMT$', ''),'%a, %e %b %Y %H:%i:%s'), '%Y-%m-%d-%H:%i') AS event_endtime\n, date_format(date_parse(regexp_replace(\"lastupdatedtime\", ' GMT$', ''),'%a, %e %b %Y %H:%i:%s'), '%Y-%m-%d-%H:%i') AS event_lastupdatedtime\n, \"language\"\n, \"latestdescription\"\n, \"entityvalue\" \"affected_resource\"\n, \"deprecatedversion\"\n, (CASE WHEN (endtime IS NOT NULL) THEN 'Closed' ELSE 'Open' END) event_status\nFROM\n  \"aws_health_event_records\".\"aws_health_events\"\nGROUP BY 1, 2, 3, 4, 5, 6, 7, 8, 9, 10, 11, 12, 13, 14, 15, 16, 17\n",
            "workgroup": "health-events-workgroup"
          },
          "sensitive_attributes": [],
          "private": "bnVsbA==",
          "dependencies": [
            "aws_athena_workgroup.health_events_workgroup",
            "aws_glue_catalog_database.health_events_database",
            "aws_s3_bucket.athena_query_results_bucket"
          ]
        }
      ]
    },
    {
      "mode": "managed",
      "type": "aws_athena_workgroup",
      "name": "health_events_workgroup",
      "provider": "provider[\"registry.terraform.io/hashicorp/aws\"]",
      "instances": [
        {
          "schema_version": 0,
          "attributes": {
            "arn": "arn:aws:athena:us-east-1:686255945458:workgroup/health-events-workgroup",
            "configuration": [
              {
                "bytes_scanned_cutoff_per_query": 0,
                "enforce_workgroup_configuration": true,
                "engine_version": [
                  {
                    "effective_engine_version": "Athena engine version 3",
                    "selected_engine_version": "AUTO"
                  }
                ],
                "execution_role": "",
                "publish_cloudwatch_metrics_enabled": true,
                "requester_pays_enabled": false,
                "result_configuration": [
                  {
                    "acl_configuration": [],
                    "encryption_configuration": [
                      {
                        "encryption_option": "SSE_S3",
                        "kms_key_arn": ""
                      }
                    ],
                    "expected_bucket_owner": "",
                    "output_location": "s3://aws-health-events-athena-results-686255945458-us-east-1/query-results/"
                  }
                ]
              }
            ],
            "description": "",
            "force_destroy": false,
            "id": "health-events-workgroup",
            "name": "health-events-workgroup",
            "state": "ENABLED",
            "tags": {},
            "tags_all": {}
          },
          "sensitive_attributes": [],
          "private": "bnVsbA==",
          "dependencies": [
            "aws_s3_bucket.athena_query_results_bucket"
          ]
        }
      ]
    },
    {
      "mode": "managed",
      "type": "aws_cloudwatch_event_rule",
      "name": "health_event_rule",
      "provider": "provider[\"registry.terraform.io/hashicorp/aws\"]",
      "instances": [
        {
          "schema_version": 1,
          "attributes": {
            "arn": "arn:aws:events:us-east-1:686255945458:rule/aws-health-events-records",
            "description": "Capture AWS Health events",
            "event_bus_name": "default",
            "event_pattern": "{\"detail-type\":[\"AWS Health Event\"],\"source\":[\"aws.health\",\"custom.health\"]}",
            "force_destroy": false,
            "id": "aws-health-events-records",
            "is_enabled": true,
            "name": "aws-health-events-records",
            "name_prefix": "",
            "role_arn": "",
            "schedule_expression": "",
            "state": "ENABLED",
            "tags": {},
            "tags_all": {}
          },
          "sensitive_attributes": [],
          "private": "eyJzY2hlbWFfdmVyc2lvbiI6IjEifQ=="
        }
      ]
    },
    {
      "mode": "managed",
      "type": "aws_cloudwatch_event_target",
      "name": "health_event_target",
      "provider": "provider[\"registry.terraform.io/hashicorp/aws\"]",
      "instances": [
        {
          "schema_version": 1,
          "attributes": {
            "appsync_target": [],
            "arn": "arn:aws:firehose:us-east-1:686255945458:deliverystream/Aws-Health-Events-Delivery-Stream",
            "batch_target": [],
            "dead_letter_config": [],
            "ecs_target": [],
            "event_bus_name": "default",
            "force_destroy": false,
            "http_target": [],
            "id": "aws-health-events-records-health-event-target",
            "input": "",
            "input_path": "",
            "input_transformer": [
              {
                "input_paths": {
                  "communicationId": "$.detail.communicationId",
                  "deprecatedVersion": "$.detail.eventMetadata.deprecated_versions",
                  "endTime": "$.detail.endTime",
                  "entityValue": "$.detail.affectedEntities[0].entityValue",
                  "eventArn": "$.detail.eventArn",
                  "eventRegion": "$.detail.eventRegion",
                  "eventTypeCategory": "$.detail.eventTypeCategory",
                  "eventTypeCode": "$.detail.eventTypeCode",
                  "language": "$.detail.eventDescription[0].language",
                  "lastUpdatedTime": "$.detail.lastUpdatedTime",
                  "latestDescription": "$.detail.eventDescription[0].latestDescription",
                  "service": "$.detail.service",
                  "startTime": "$.detail.startTime"
                },
                "input_template": "{\"eventArn\": \"\u003ceventArn\u003e\",\"service\": \"\u003cservice\u003e\",\"communicationId\":\"\u003ccommunicationId\u003e\",\"lastUpdatedTime\": \"\u003clastUpdatedTime\u003e\",\"eventRegion\": \"\u003ceventRegion\u003e\",\"eventTypeCode\": \"\u003ceventTypeCode\u003e\",\"eventTypeCategory\": \"\u003ceventTypeCategory\u003e\",\"startTime\": \"\u003cstartTime\u003e\",\"endTime\": \"\u003cendTime\u003e\",\"language\": \"\u003clanguage\u003e\",\"latestDescription\": \"\u003clatestDescription\u003e\",\"entityValue\": \"\u003centityValue\u003e\",\"deprecatedVersion\": \"\u003cdeprecatedVersion\u003e\"}\n"
              }
            ],
            "kinesis_target": [],
            "redshift_target": [],
            "retry_policy": [],
            "role_arn": "arn:aws:iam::686255945458:role/EventBridgeRole",
            "rule": "aws-health-events-records",
            "run_command_targets": [],
            "sagemaker_pipeline_target": [],
            "sqs_target": [],
            "target_id": "health-event-target"
          },
          "sensitive_attributes": [],
          "private": "eyJzY2hlbWFfdmVyc2lvbiI6IjEifQ==",
          "dependencies": [
            "aws_cloudwatch_event_rule.health_event_rule",
            "aws_cloudwatch_log_group.firehose_log_group",
            "aws_cloudwatch_log_stream.firehose_log_stream",
            "aws_iam_role.eventbridge_role",
            "aws_iam_role.firehose_role",
            "aws_kinesis_firehose_delivery_stream.health_events_firehose",
            "aws_s3_bucket.health_events_bucket"
          ]
        }
      ]
    },
    {
      "mode": "managed",
      "type": "aws_cloudwatch_log_group",
      "name": "firehose_log_group",
      "provider": "provider[\"registry.terraform.io/hashicorp/aws\"]",
      "instances": [
        {
          "schema_version": 0,
          "attributes": {
            "arn": "arn:aws:logs:us-east-1:686255945458:log-group:HealthEventsFirehoseLogs",
            "id": "HealthEventsFirehoseLogs",
            "kms_key_id": "",
            "log_group_class": "STANDARD",
            "name": "HealthEventsFirehoseLogs",
            "name_prefix": "",
            "retention_in_days": 7,
            "skip_destroy": false,
            "tags": {},
            "tags_all": {}
          },
          "sensitive_attributes": [],
          "private": "bnVsbA=="
        }
      ]
    },
    {
      "mode": "managed",
      "type": "aws_cloudwatch_log_stream",
      "name": "firehose_log_stream",
      "provider": "provider[\"registry.terraform.io/hashicorp/aws\"]",
      "instances": [
        {
          "schema_version": 0,
          "attributes": {
            "arn": "arn:aws:logs:us-east-1:686255945458:log-group:HealthEventsFirehoseLogs:log-stream:HealthEventsFirehoStream",
            "id": "HealthEventsFirehoStream",
            "log_group_name": "HealthEventsFirehoseLogs",
            "name": "HealthEventsFirehoStream"
          },
          "sensitive_attributes": [],
          "private": "bnVsbA==",
          "dependencies": [
            "aws_cloudwatch_log_group.firehose_log_group"
          ]
        }
      ]
    },
    {
      "mode": "managed",
      "type": "aws_glue_catalog_database",
      "name": "health_events_database",
      "provider": "provider[\"registry.terraform.io/hashicorp/aws\"]",
      "instances": [
        {
          "schema_version": 0,
          "attributes": {
            "arn": "arn:aws:glue:us-east-1:686255945458:database/aws-health-event-records",
            "catalog_id": "686255945458",
            "create_table_default_permission": [
              {
                "permissions": [
                  "ALL"
                ],
                "principal": [
                  {
                    "data_lake_principal_identifier": "IAM_ALLOWED_PRINCIPALS"
                  }
                ]
              }
            ],
            "description": "",
            "federated_database": [],
            "id": "686255945458:aws-health-event-records",
            "location_uri": "",
            "name": "aws-health-event-records",
            "parameters": {},
            "tags": {},
            "tags_all": {},
            "target_database": []
          },
          "sensitive_attributes": [],
          "private": "bnVsbA=="
        }
      ]
    },
    {
      "mode": "managed",
      "type": "aws_glue_crawler",
      "name": "health_events_crawler",
      "provider": "provider[\"registry.terraform.io/hashicorp/aws\"]",
      "instances": [
        {
          "schema_version": 0,
          "attributes": {
            "arn": "arn:aws:glue:us-east-1:686255945458:crawler/aws-health-event-crawler",
            "catalog_target": [],
            "classifiers": [],
            "configuration": "",
            "database_name": "aws-health-event-records",
            "delta_target": [],
            "description": "",
            "dynamodb_target": [],
            "hudi_target": [],
            "iceberg_target": [],
            "id": "aws-health-event-crawler",
            "jdbc_target": [],
            "lake_formation_configuration": [
              {
                "account_id": "",
                "use_lake_formation_credentials": false
              }
            ],
            "lineage_configuration": [
              {
                "crawler_lineage_settings": "DISABLE"
              }
            ],
            "mongodb_target": [],
            "name": "aws-health-event-crawler",
            "recrawl_policy": [
              {
                "recrawl_behavior": "CRAWL_EVERYTHING"
              }
            ],
            "role": "GlueCrawlerRole",
            "s3_target": [
              {
                "connection_name": "",
                "dlq_event_queue_arn": "",
                "event_queue_arn": "",
                "exclusions": [],
                "path": "s3://aws-health-events-records-686255945458-us-east-1",
                "sample_size": 0
              }
            ],
            "schedule": "cron(0 */1 * * ? *)",
            "schema_change_policy": [
              {
                "delete_behavior": "DEPRECATE_IN_DATABASE",
                "update_behavior": "UPDATE_IN_DATABASE"
              }
            ],
            "security_configuration": "",
            "table_prefix": "",
            "tags": {},
            "tags_all": {}
          },
          "sensitive_attributes": [],
          "private": "bnVsbA==",
          "dependencies": [
            "aws_glue_catalog_database.health_events_database",
            "aws_iam_role.glue_crawler_role",
            "aws_s3_bucket.health_events_bucket"
          ]
        }
      ]
    },
    {
      "mode": "managed",
      "type": "aws_grafana_workspace",
      "name": "health_events_workspace",
      "provider": "provider[\"registry.terraform.io/hashicorp/aws\"]",
      "instances": [
        {
          "schema_version": 0,
          "attributes": {
            "account_access_type": "CURRENT_ACCOUNT",
            "arn": "arn:aws:grafana:us-east-1:686255945458:/workspaces/g-42c18c74b2",
            "authentication_providers": [
              "AWS_SSO"
            ],
            "configuration": "{\"unifiedAlerting\":{\"enabled\":false},\"plugins\":{\"pluginAdminEnabled\":false}}",
            "data_sources": [
              "ATHENA"
            ],
            "description": "",
            "endpoint": "g-42c18c74b2.grafana-workspace.us-east-1.amazonaws.com",
            "grafana_version": "10.4",
            "id": "g-42c18c74b2",
            "name": "aws-health-events-workspace",
            "network_access_control": [],
            "notification_destinations": [
              "SNS"
            ],
            "organization_role_name": "",
            "organizational_units": null,
            "permission_type": "SERVICE_MANAGED",
            "role_arn": "arn:aws:iam::686255945458:role/grafana_health_events_role",
            "saml_configuration_status": "",
            "stack_set_name": "",
            "tags": null,
            "tags_all": {},
            "timeouts": null,
            "vpc_configuration": []
          },
          "sensitive_attributes": [],
          "private": "eyJlMmJmYjczMC1lY2FhLTExZTYtOGY4OC0zNDM2M2JjN2M0YzAiOnsiY3JlYXRlIjoxODAwMDAwMDAwMDAwLCJ1cGRhdGUiOjE4MDAwMDAwMDAwMDB9fQ==",
          "dependencies": [
            "aws_iam_role.grafana_role"
          ]
        }
      ]
    },
    {
      "mode": "managed",
      "type": "aws_iam_policy",
      "name": "eventbridge_policy",
      "provider": "provider[\"registry.terraform.io/hashicorp/aws\"]",
      "instances": [
        {
          "schema_version": 0,
          "attributes": {
            "arn": "arn:aws:iam::686255945458:policy/Amazon_EventBridge_Invoke_Firehose",
            "attachment_count": 1,
            "description": "",
            "id": "arn:aws:iam::686255945458:policy/Amazon_EventBridge_Invoke_Firehose",
            "name": "Amazon_EventBridge_Invoke_Firehose",
            "name_prefix": "",
            "path": "/",
            "policy": "{\"Statement\":[{\"Action\":[\"firehose:PutRecord\",\"firehose:PutRecordBatch\"],\"Effect\":\"Allow\",\"Resource\":\"arn:aws:firehose:us-east-1:686255945458:deliverystream/Aws-Health-Events-Delivery-Stream\"}],\"Version\":\"2012-10-17\"}",
            "policy_id": "ANPAZ7SAKW3ZGYWKSNXUM",
            "tags": {},
            "tags_all": {}
          },
          "sensitive_attributes": [],
          "private": "bnVsbA==",
          "dependencies": [
            "aws_cloudwatch_log_group.firehose_log_group",
            "aws_cloudwatch_log_stream.firehose_log_stream",
            "aws_iam_role.firehose_role",
            "aws_kinesis_firehose_delivery_stream.health_events_firehose",
            "aws_s3_bucket.health_events_bucket"
          ]
        }
      ]
    },
    {
      "mode": "managed",
      "type": "aws_iam_policy",
      "name": "firehose_cloudwatch_policy",
      "provider": "provider[\"registry.terraform.io/hashicorp/aws\"]",
      "instances": [
        {
          "schema_version": 0,
          "attributes": {
            "arn": "arn:aws:iam::686255945458:policy/cloudwatch-logs-access",
            "attachment_count": 1,
            "description": "",
            "id": "arn:aws:iam::686255945458:policy/cloudwatch-logs-access",
            "name": "cloudwatch-logs-access",
            "name_prefix": "",
            "path": "/",
            "policy": "{\"Statement\":[{\"Action\":[\"logs:CreateLogGroup\"],\"Effect\":\"Allow\",\"Resource\":\"arn:aws:logs:us-east-1:686255945458:*\"},{\"Action\":[\"logs:CreateLogStream\",\"logs:PutLogEvents\"],\"Effect\":\"Allow\",\"Resource\":\"arn:aws:logs:us-east-1:686255945458:log-group:/aws/kinesisfirehose/*\"}],\"Version\":\"2012-10-17\"}",
            "policy_id": "ANPAZ7SAKW3ZIKMETHI36",
            "tags": {},
            "tags_all": {}
          },
          "sensitive_attributes": [],
          "private": "bnVsbA==",
          "dependencies": [
            "data.aws_partition.current"
          ]
        }
      ]
    },
    {
      "mode": "managed",
      "type": "aws_iam_policy",
      "name": "firehose_s3_policy",
      "provider": "provider[\"registry.terraform.io/hashicorp/aws\"]",
      "instances": [
        {
          "schema_version": 0,
          "attributes": {
            "arn": "arn:aws:iam::686255945458:policy/AllowS3Access",
            "attachment_count": 1,
            "description": "",
            "id": "arn:aws:iam::686255945458:policy/AllowS3Access",
            "name": "AllowS3Access",
            "name_prefix": "",
            "path": "/",
            "policy": "{\"Statement\":[{\"Action\":[\"s3:AbortMultipartUpload\",\"s3:GetBucketLocation\",\"s3:GetObject\",\"s3:ListBucket\",\"s3:ListBucketMultipartUploads\",\"s3:PutObject\"],\"Effect\":\"Allow\",\"Resource\":[\"arn:aws:s3:::aws-health-events-records-686255945458-us-east-1*\"],\"Sid\":\"AllowS3Access\"}],\"Version\":\"2012-10-17\"}",
            "policy_id": "ANPAZ7SAKW3ZNQJUELXL3",
            "tags": {},
            "tags_all": {}
          },
          "sensitive_attributes": [],
          "private": "bnVsbA==",
          "dependencies": [
            "aws_s3_bucket.health_events_bucket",
            "data.aws_partition.current"
          ]
        }
      ]
    },
    {
      "mode": "managed",
      "type": "aws_iam_policy",
      "name": "glue_crawler_policy",
      "provider": "provider[\"registry.terraform.io/hashicorp/aws\"]",
      "instances": [
        {
          "schema_version": 0,
          "attributes": {
            "arn": "arn:aws:iam::686255945458:policy/aws-health-events-GlueCrawlerRolePolicy",
            "attachment_count": 1,
            "description": "",
            "id": "arn:aws:iam::686255945458:policy/aws-health-events-GlueCrawlerRolePolicy",
            "name": "aws-health-events-GlueCrawlerRolePolicy",
            "name_prefix": "",
            "path": "/",
            "policy": "{\"Statement\":[{\"Action\":[\"s3:ListBucket\",\"s3:GetObject\"],\"Effect\":\"Allow\",\"Resource\":[\"arn:aws:s3:::aws-health-events-records-686255945458-us-east-1*\"]},{\"Action\":[\"s3:PutObject\",\"s3:GetObject\"],\"Effect\":\"Allow\",\"Resource\":[\"arn:aws:s3:::aws-health-events-records-686255945458-us-east-1*\"]}],\"Version\":\"2012-10-17\"}",
            "policy_id": "ANPAZ7SAKW3ZD7OMFHUTN",
            "tags": {},
            "tags_all": {}
          },
          "sensitive_attributes": [],
          "private": "bnVsbA==",
          "dependencies": [
            "aws_s3_bucket.health_events_bucket",
            "data.aws_partition.current"
          ]
        }
      ]
    },
    {
      "mode": "managed",
      "type": "aws_iam_policy",
      "name": "grafana_policy",
      "provider": "provider[\"registry.terraform.io/hashicorp/aws\"]",
      "instances": [
        {
          "schema_version": 0,
          "attributes": {
            "arn": "arn:aws:iam::686255945458:policy/grafana_health_events_policy",
            "attachment_count": 1,
            "description": "",
            "id": "arn:aws:iam::686255945458:policy/grafana_health_events_policy",
            "name": "grafana_health_events_policy",
            "name_prefix": "",
            "path": "/",
            "policy": "{\"Statement\":[{\"Action\":[\"athena:GetDatabase\",\"athena:GetDataCatalog\",\"athena:GetTableMetadata\",\"athena:ListDatabases\",\"athena:ListDataCatalogs\",\"athena:ListTableMetadata\",\"athena:ListWorkGroups\",\"athena:StartQueryExecution\",\"athena:StopQueryExecution\",\"athena:GetQueryExecution\",\"athena:GetQueryResults\",\"athena:GetWorkGroup\",\"athena:BatchGetQueryExecution\"],\"Effect\":\"Allow\",\"Resource\":[\"*\"]},{\"Action\":[\"s3:GetBucketLocation\",\"s3:GetObject\",\"s3:ListBucket\",\"s3:ListBucketMultipartUploads\",\"s3:ListMultipartUploadParts\",\"s3:AbortMultipartUpload\",\"s3:PutObject\"],\"Effect\":\"Allow\",\"Resource\":[\"arn:aws:s3:::aws-health-events-records-686255945458-us-east-1\",\"arn:aws:s3:::aws-health-events-records-686255945458-us-east-1/*\",\"arn:aws:s3:::aws-health-events-athena-results-686255945458-us-east-1\",\"arn:aws:s3:::aws-health-events-athena-results-686255945458-us-east-1/*\"]},{\"Action\":[\"glue:GetDatabase\",\"glue:GetDatabases\",\"glue:GetTable\",\"glue:GetTables\",\"glue:GetPartition\",\"glue:GetPartitions\",\"glue:BatchGetPartition\"],\"Effect\":\"Allow\",\"Resource\":[\"*\"]},{\"Action\":[\"sns:ListTopics\",\"sns:Publish\"],\"Effect\":\"Allow\",\"Resource\":[\"*\"]}],\"Version\":\"2012-10-17\"}",
            "policy_id": "ANPAZ7SAKW3ZDZCTH6DZB",
            "tags": {},
            "tags_all": {}
          },
          "sensitive_attributes": [],
          "private": "bnVsbA==",
          "dependencies": [
            "aws_s3_bucket.athena_query_results_bucket",
            "aws_s3_bucket.health_events_bucket"
          ]
        }
      ]
    },
    {
      "mode": "managed",
      "type": "aws_iam_role",
      "name": "eventbridge_role",
      "provider": "provider[\"registry.terraform.io/hashicorp/aws\"]",
      "instances": [
        {
          "schema_version": 0,
          "attributes": {
            "arn": "arn:aws:iam::686255945458:role/EventBridgeRole",
            "assume_role_policy": "{\"Statement\":[{\"Action\":\"sts:AssumeRole\",\"Effect\":\"Allow\",\"Principal\":{\"Service\":\"events.amazonaws.com\"}}],\"Version\":\"2012-10-17\"}",
            "create_date": "2025-02-26T21:20:05Z",
            "description": "",
            "force_detach_policies": false,
            "id": "EventBridgeRole",
            "inline_policy": [],
            "managed_policy_arns": [
              "arn:aws:iam::686255945458:policy/Amazon_EventBridge_Invoke_Firehose"
            ],
            "max_session_duration": 3600,
            "name": "EventBridgeRole",
            "name_prefix": "",
            "path": "/",
            "permissions_boundary": "",
            "tags": {},
            "tags_all": {},
            "unique_id": "AROAZ7SAKW3ZKFAF25JSQ"
          },
          "sensitive_attributes": [],
          "private": "bnVsbA=="
        }
      ]
    },
    {
      "mode": "managed",
      "type": "aws_iam_role",
      "name": "firehose_role",
      "provider": "provider[\"registry.terraform.io/hashicorp/aws\"]",
      "instances": [
        {
          "schema_version": 0,
          "attributes": {
            "arn": "arn:aws:iam::686255945458:role/HealthEventsFirehoseRole",
            "assume_role_policy": "{\"Statement\":[{\"Action\":\"sts:AssumeRole\",\"Effect\":\"Allow\",\"Principal\":{\"Service\":\"firehose.amazonaws.com\"}}],\"Version\":\"2012-10-17\"}",
            "create_date": "2025-02-26T21:20:05Z",
            "description": "",
            "force_detach_policies": false,
            "id": "HealthEventsFirehoseRole",
            "inline_policy": [],
            "managed_policy_arns": [
              "arn:aws:iam::686255945458:policy/AllowS3Access",
              "arn:aws:iam::686255945458:policy/cloudwatch-logs-access"
            ],
            "max_session_duration": 3600,
            "name": "HealthEventsFirehoseRole",
            "name_prefix": "",
            "path": "/",
            "permissions_boundary": "",
            "tags": {},
            "tags_all": {},
            "unique_id": "AROAZ7SAKW3ZGKDQNDHPI"
          },
          "sensitive_attributes": [],
          "private": "bnVsbA=="
        }
      ]
    },
    {
      "mode": "managed",
      "type": "aws_iam_role",
      "name": "glue_crawler_role",
      "provider": "provider[\"registry.terraform.io/hashicorp/aws\"]",
      "instances": [
        {
          "schema_version": 0,
          "attributes": {
            "arn": "arn:aws:iam::686255945458:role/GlueCrawlerRole",
            "assume_role_policy": "{\"Statement\":[{\"Action\":\"sts:AssumeRole\",\"Effect\":\"Allow\",\"Principal\":{\"Service\":\"glue.amazonaws.com\"}}],\"Version\":\"2012-10-17\"}",
            "create_date": "2025-02-26T21:20:05Z",
            "description": "",
            "force_detach_policies": false,
            "id": "GlueCrawlerRole",
            "inline_policy": [],
            "managed_policy_arns": [
              "arn:aws:iam::686255945458:policy/aws-health-events-GlueCrawlerRolePolicy",
              "arn:aws:iam::aws:policy/service-role/AWSGlueServiceRole"
            ],
            "max_session_duration": 3600,
            "name": "GlueCrawlerRole",
            "name_prefix": "",
            "path": "/",
            "permissions_boundary": "",
            "tags": {},
            "tags_all": {},
            "unique_id": "AROAZ7SAKW3ZC2HU2BCVD"
          },
          "sensitive_attributes": [],
          "private": "bnVsbA=="
        }
      ]
    },
    {
      "mode": "managed",
      "type": "aws_iam_role",
      "name": "grafana_role",
      "provider": "provider[\"registry.terraform.io/hashicorp/aws\"]",
      "instances": [
        {
          "schema_version": 0,
          "attributes": {
            "arn": "arn:aws:iam::686255945458:role/grafana_health_events_role",
            "assume_role_policy": "{\"Statement\":[{\"Action\":\"sts:AssumeRole\",\"Effect\":\"Allow\",\"Principal\":{\"Service\":\"grafana.amazonaws.com\"}}],\"Version\":\"2012-10-17\"}",
            "create_date": "2025-02-26T22:26:11Z",
            "description": "",
            "force_detach_policies": false,
            "id": "grafana_health_events_role",
            "inline_policy": [],
            "managed_policy_arns": [
              "arn:aws:iam::686255945458:policy/grafana_health_events_policy"
            ],
            "max_session_duration": 3600,
            "name": "grafana_health_events_role",
            "name_prefix": "",
            "path": "/",
            "permissions_boundary": "",
            "tags": {},
            "tags_all": {},
            "unique_id": "AROAZ7SAKW3ZNQP5O6GQH"
          },
          "sensitive_attributes": [],
          "private": "bnVsbA=="
        }
      ]
    },
    {
      "mode": "managed",
      "type": "aws_iam_role_policy_attachment",
      "name": "eventbridge_policy_attachment",
      "provider": "provider[\"registry.terraform.io/hashicorp/aws\"]",
      "instances": [
        {
          "schema_version": 0,
          "attributes": {
            "id": "EventBridgeRole-20250226212205711800000005",
            "policy_arn": "arn:aws:iam::686255945458:policy/Amazon_EventBridge_Invoke_Firehose",
            "role": "EventBridgeRole"
          },
          "sensitive_attributes": [],
          "private": "bnVsbA==",
          "dependencies": [
            "aws_cloudwatch_log_group.firehose_log_group",
            "aws_cloudwatch_log_stream.firehose_log_stream",
            "aws_iam_policy.eventbridge_policy",
            "aws_iam_role.eventbridge_role",
            "aws_iam_role.firehose_role",
            "aws_kinesis_firehose_delivery_stream.health_events_firehose",
            "aws_s3_bucket.health_events_bucket"
          ]
        }
      ]
    },
    {
      "mode": "managed",
      "type": "aws_iam_role_policy_attachment",
      "name": "firehose_cloudwatch_policy_attachment",
      "provider": "provider[\"registry.terraform.io/hashicorp/aws\"]",
      "instances": [
        {
          "schema_version": 0,
          "attributes": {
            "id": "HealthEventsFirehoseRole-20250226212006334000000001",
            "policy_arn": "arn:aws:iam::686255945458:policy/cloudwatch-logs-access",
            "role": "HealthEventsFirehoseRole"
          },
          "sensitive_attributes": [],
          "private": "bnVsbA==",
          "dependencies": [
            "aws_iam_policy.firehose_cloudwatch_policy",
            "aws_iam_role.firehose_role",
            "data.aws_partition.current"
          ]
        }
      ]
    },
    {
      "mode": "managed",
      "type": "aws_iam_role_policy_attachment",
      "name": "firehose_s3_policy_attachment",
      "provider": "provider[\"registry.terraform.io/hashicorp/aws\"]",
      "instances": [
        {
          "schema_version": 0,
          "attributes": {
            "id": "HealthEventsFirehoseRole-20250226212010567800000004",
            "policy_arn": "arn:aws:iam::686255945458:policy/AllowS3Access",
            "role": "HealthEventsFirehoseRole"
          },
          "sensitive_attributes": [],
          "private": "bnVsbA==",
          "dependencies": [
            "aws_iam_policy.firehose_s3_policy",
            "aws_iam_role.firehose_role",
            "aws_s3_bucket.health_events_bucket",
            "data.aws_partition.current"
          ]
        }
      ]
    },
    {
      "mode": "managed",
      "type": "aws_iam_role_policy_attachment",
      "name": "glue_crawler_policy_attachment",
      "provider": "provider[\"registry.terraform.io/hashicorp/aws\"]",
      "instances": [
        {
          "schema_version": 0,
          "attributes": {
            "id": "GlueCrawlerRole-20250226212010362900000003",
            "policy_arn": "arn:aws:iam::686255945458:policy/aws-health-events-GlueCrawlerRolePolicy",
            "role": "GlueCrawlerRole"
          },
          "sensitive_attributes": [],
          "private": "bnVsbA==",
          "dependencies": [
            "aws_iam_policy.glue_crawler_policy",
            "aws_iam_role.glue_crawler_role",
            "aws_s3_bucket.health_events_bucket",
            "data.aws_partition.current"
          ]
        }
      ]
    },
    {
      "mode": "managed",
      "type": "aws_iam_role_policy_attachment",
      "name": "glue_service_role_attachment",
      "provider": "provider[\"registry.terraform.io/hashicorp/aws\"]",
      "instances": [
        {
          "schema_version": 0,
          "attributes": {
            "id": "GlueCrawlerRole-20250226212006346000000002",
            "policy_arn": "arn:aws:iam::aws:policy/service-role/AWSGlueServiceRole",
            "role": "GlueCrawlerRole"
          },
          "sensitive_attributes": [],
          "private": "bnVsbA==",
          "dependencies": [
            "aws_iam_role.glue_crawler_role"
          ]
        }
      ]
    },
    {
      "mode": "managed",
      "type": "aws_iam_role_policy_attachment",
      "name": "grafana_policy_attachment",
      "provider": "provider[\"registry.terraform.io/hashicorp/aws\"]",
      "instances": [
        {
          "schema_version": 0,
          "attributes": {
            "id": "grafana_health_events_role-20250226222617189100000002",
            "policy_arn": "arn:aws:iam::686255945458:policy/grafana_health_events_policy",
            "role": "grafana_health_events_role"
          },
          "sensitive_attributes": [],
          "private": "bnVsbA==",
          "dependencies": [
            "aws_iam_policy.grafana_policy",
            "aws_iam_role.grafana_role",
            "aws_s3_bucket.athena_query_results_bucket",
            "aws_s3_bucket.health_events_bucket"
          ]
        }
      ]
    },
    {
      "mode": "managed",
      "type": "aws_kinesis_firehose_delivery_stream",
      "name": "health_events_firehose",
      "provider": "provider[\"registry.terraform.io/hashicorp/aws\"]",
      "instances": [
        {
          "schema_version": 1,
          "attributes": {
            "arn": "arn:aws:firehose:us-east-1:686255945458:deliverystream/Aws-Health-Events-Delivery-Stream",
            "destination": "extended_s3",
            "destination_id": "destinationId-000000000001",
            "elasticsearch_configuration": [],
            "extended_s3_configuration": [
              {
                "bucket_arn": "arn:aws:s3:::aws-health-events-records-686255945458-us-east-1",
                "buffering_interval": 300,
                "buffering_size": 5,
                "cloudwatch_logging_options": [
                  {
                    "enabled": true,
                    "log_group_name": "HealthEventsFirehoseLogs",
                    "log_stream_name": "HealthEventsFirehoStream"
                  }
                ],
                "compression_format": "UNCOMPRESSED",
                "custom_time_zone": "UTC",
                "data_format_conversion_configuration": [],
                "dynamic_partitioning_configuration": [],
                "error_output_prefix": "Aws-Health-Events-Firehose-Error/",
                "file_extension": "",
                "kms_key_arn": "",
                "prefix": "aws-health-events/year=!{timestamp:yyyy}/month=!{timestamp:MM}/day=!{timestamp:dd}/hour=!{timestamp:HH}/",
                "processing_configuration": [
                  {
                    "enabled": false,
                    "processors": []
                  }
                ],
                "role_arn": "arn:aws:iam::686255945458:role/HealthEventsFirehoseRole",
                "s3_backup_configuration": [],
                "s3_backup_mode": "Disabled"
              }
            ],
            "http_endpoint_configuration": [],
            "iceberg_configuration": [],
            "id": "arn:aws:firehose:us-east-1:686255945458:deliverystream/Aws-Health-Events-Delivery-Stream",
            "kinesis_source_configuration": [],
            "msk_source_configuration": [],
            "name": "Aws-Health-Events-Delivery-Stream",
            "opensearch_configuration": [],
            "opensearchserverless_configuration": [],
            "redshift_configuration": [],
            "server_side_encryption": [
              {
                "enabled": true,
                "key_arn": "",
                "key_type": "AWS_OWNED_CMK"
              }
            ],
            "snowflake_configuration": [],
            "splunk_configuration": [],
            "tags": {},
            "tags_all": {},
            "timeouts": null,
            "version_id": "2"
          },
          "sensitive_attributes": [],
          "private": "eyJlMmJmYjczMC1lY2FhLTExZTYtOGY4OC0zNDM2M2JjN2M0YzAiOnsiY3JlYXRlIjoxODAwMDAwMDAwMDAwLCJkZWxldGUiOjE4MDAwMDAwMDAwMDAsInVwZGF0ZSI6NjAwMDAwMDAwMDAwfSwic2NoZW1hX3ZlcnNpb24iOiIxIn0=",
          "dependencies": [
            "aws_cloudwatch_log_group.firehose_log_group",
            "aws_cloudwatch_log_stream.firehose_log_stream",
            "aws_iam_role.firehose_role",
            "aws_s3_bucket.health_events_bucket"
          ]
        }
      ]
    },
    {
      "mode": "managed",
      "type": "aws_s3_bucket",
      "name": "athena_query_results_bucket",
      "provider": "provider[\"registry.terraform.io/hashicorp/aws\"]",
      "instances": [
        {
          "schema_version": 0,
          "attributes": {
            "acceleration_status": "",
            "acl": null,
            "arn": "arn:aws:s3:::aws-health-events-athena-results-686255945458-us-east-1",
            "bucket": "aws-health-events-athena-results-686255945458-us-east-1",
            "bucket_domain_name": "aws-health-events-athena-results-686255945458-us-east-1.s3.amazonaws.com",
            "bucket_prefix": "",
            "bucket_regional_domain_name": "aws-health-events-athena-results-686255945458-us-east-1.s3.us-east-1.amazonaws.com",
            "cors_rule": [],
            "force_destroy": true,
            "grant": [
              {
                "id": "43e122524e77bb442169eefeeb60b0cb362d8dca27b8bd0dc78de5b010f6e0ba",
                "permissions": [
                  "FULL_CONTROL"
                ],
                "type": "CanonicalUser",
                "uri": ""
              }
            ],
            "hosted_zone_id": "Z3AQBSTGFYJSTF",
            "id": "aws-health-events-athena-results-686255945458-us-east-1",
            "lifecycle_rule": [
              {
                "abort_incomplete_multipart_upload_days": 0,
                "enabled": true,
                "expiration": [
                  {
                    "date": "",
                    "days": 7,
                    "expired_object_delete_marker": false
                  }
                ],
                "id": "delete-old-query-results",
                "noncurrent_version_expiration": [],
                "noncurrent_version_transition": [],
                "prefix": "",
                "tags": {},
                "transition": []
              }
            ],
            "logging": [],
            "object_lock_configuration": [],
            "object_lock_enabled": false,
            "policy": "",
            "region": "us-east-1",
            "replication_configuration": [],
            "request_payer": "BucketOwner",
            "server_side_encryption_configuration": [
              {
                "rule": [
                  {
                    "apply_server_side_encryption_by_default": [
                      {
                        "kms_master_key_id": "",
                        "sse_algorithm": "AES256"
                      }
                    ],
                    "bucket_key_enabled": false
                  }
                ]
              }
            ],
            "tags": {},
            "tags_all": {},
            "timeouts": null,
            "versioning": [
              {
                "enabled": false,
                "mfa_delete": false
              }
            ],
            "website": [],
            "website_domain": null,
            "website_endpoint": null
          },
          "sensitive_attributes": [],
          "private": "eyJlMmJmYjczMC1lY2FhLTExZTYtOGY4OC0zNDM2M2JjN2M0YzAiOnsiY3JlYXRlIjoxMjAwMDAwMDAwMDAwLCJkZWxldGUiOjM2MDAwMDAwMDAwMDAsInJlYWQiOjEyMDAwMDAwMDAwMDAsInVwZGF0ZSI6MTIwMDAwMDAwMDAwMH19"
        }
      ]
    },
    {
      "mode": "managed",
      "type": "aws_s3_bucket",
      "name": "health_events_bucket",
      "provider": "provider[\"registry.terraform.io/hashicorp/aws\"]",
      "instances": [
        {
          "schema_version": 0,
          "attributes": {
            "acceleration_status": "",
            "acl": null,
            "arn": "arn:aws:s3:::aws-health-events-records-686255945458-us-east-1",
            "bucket": "aws-health-events-records-686255945458-us-east-1",
            "bucket_domain_name": "aws-health-events-records-686255945458-us-east-1.s3.amazonaws.com",
            "bucket_prefix": "",
            "bucket_regional_domain_name": "aws-health-events-records-686255945458-us-east-1.s3.us-east-1.amazonaws.com",
            "cors_rule": [],
            "force_destroy": true,
            "grant": [
              {
                "id": "43e122524e77bb442169eefeeb60b0cb362d8dca27b8bd0dc78de5b010f6e0ba",
                "permissions": [
                  "FULL_CONTROL"
                ],
                "type": "CanonicalUser",
                "uri": ""
              }
            ],
            "hosted_zone_id": "Z3AQBSTGFYJSTF",
            "id": "aws-health-events-records-686255945458-us-east-1",
            "lifecycle_rule": [],
            "logging": [
              {
                "target_bucket": "aws-health-events-records-686255945458-us-east-1",
                "target_prefix": "access-logs/"
              }
            ],
            "object_lock_configuration": [],
            "object_lock_enabled": false,
            "policy": "",
            "region": "us-east-1",
            "replication_configuration": [],
            "request_payer": "BucketOwner",
            "server_side_encryption_configuration": [
              {
                "rule": [
                  {
                    "apply_server_side_encryption_by_default": [
                      {
                        "kms_master_key_id": "",
                        "sse_algorithm": "AES256"
                      }
                    ],
                    "bucket_key_enabled": false
                  }
                ]
              }
            ],
            "tags": {},
            "tags_all": {},
            "timeouts": null,
            "versioning": [
              {
                "enabled": false,
                "mfa_delete": false
              }
            ],
            "website": [],
            "website_domain": null,
            "website_endpoint": null
          },
          "sensitive_attributes": [],
          "private": "eyJlMmJmYjczMC1lY2FhLTExZTYtOGY4OC0zNDM2M2JjN2M0YzAiOnsiY3JlYXRlIjoxMjAwMDAwMDAwMDAwLCJkZWxldGUiOjM2MDAwMDAwMDAwMDAsInJlYWQiOjEyMDAwMDAwMDAwMDAsInVwZGF0ZSI6MTIwMDAwMDAwMDAwMH19"
        }
      ]
    },
    {
      "mode": "managed",
      "type": "aws_s3_bucket_acl",
      "name": "athena_query_results_bucket_acl",
      "provider": "provider[\"registry.terraform.io/hashicorp/aws\"]",
      "instances": [
        {
          "schema_version": 0,
          "attributes": {
            "access_control_policy": [
              {
                "grant": [
                  {
                    "grantee": [
                      {
                        "display_name": "ngandjuiai",
                        "email_address": "",
                        "id": "43e122524e77bb442169eefeeb60b0cb362d8dca27b8bd0dc78de5b010f6e0ba",
                        "type": "CanonicalUser",
                        "uri": ""
                      }
                    ],
                    "permission": "FULL_CONTROL"
                  }
                ],
                "owner": [
                  {
                    "display_name": "ngandjuiai",
                    "id": "43e122524e77bb442169eefeeb60b0cb362d8dca27b8bd0dc78de5b010f6e0ba"
                  }
                ]
              }
            ],
            "acl": "private",
            "bucket": "aws-health-events-athena-results-686255945458-us-east-1",
            "expected_bucket_owner": "",
            "id": "aws-health-events-athena-results-686255945458-us-east-1,private"
          },
          "sensitive_attributes": [],
          "private": "bnVsbA==",
          "dependencies": [
            "aws_s3_bucket.athena_query_results_bucket",
            "aws_s3_bucket_ownership_controls.athena_query_results_bucket_ownership"
          ]
        }
      ]
    },
    {
      "mode": "managed",
      "type": "aws_s3_bucket_acl",
      "name": "health_events_bucket_acl",
      "provider": "provider[\"registry.terraform.io/hashicorp/aws\"]",
      "instances": [
        {
          "schema_version": 0,
          "attributes": {
            "access_control_policy": [
              {
                "grant": [
                  {
                    "grantee": [
                      {
                        "display_name": "ngandjuiai",
                        "email_address": "",
                        "id": "43e122524e77bb442169eefeeb60b0cb362d8dca27b8bd0dc78de5b010f6e0ba",
                        "type": "CanonicalUser",
                        "uri": ""
                      }
                    ],
                    "permission": "FULL_CONTROL"
                  }
                ],
                "owner": [
                  {
                    "display_name": "ngandjuiai",
                    "id": "43e122524e77bb442169eefeeb60b0cb362d8dca27b8bd0dc78de5b010f6e0ba"
                  }
                ]
              }
            ],
            "acl": "private",
            "bucket": "aws-health-events-records-686255945458-us-east-1",
            "expected_bucket_owner": "",
            "id": "aws-health-events-records-686255945458-us-east-1,private"
          },
          "sensitive_attributes": [],
          "private": "bnVsbA==",
          "dependencies": [
            "aws_s3_bucket.health_events_bucket",
            "aws_s3_bucket_ownership_controls.health_events_bucket_ownership"
          ]
        }
      ]
    },
    {
      "mode": "managed",
      "type": "aws_s3_bucket_lifecycle_configuration",
      "name": "athena_query_results_lifecycle",
      "provider": "provider[\"registry.terraform.io/hashicorp/aws\"]",
      "instances": [
        {
          "schema_version": 1,
          "attributes": {
            "bucket": "aws-health-events-athena-results-686255945458-us-east-1",
            "expected_bucket_owner": "",
            "id": "aws-health-events-athena-results-686255945458-us-east-1",
            "rule": [
              {
                "abort_incomplete_multipart_upload": [],
                "expiration": [
                  {
                    "date": null,
                    "days": 7,
                    "expired_object_delete_marker": false
                  }
                ],
                "filter": [],
                "id": "delete-old-query-results",
                "noncurrent_version_expiration": [],
                "noncurrent_version_transition": [],
                "prefix": "",
                "status": "Enabled",
                "transition": []
              }
            ],
            "timeouts": null,
            "transition_default_minimum_object_size": "all_storage_classes_128K"
          },
          "sensitive_attributes": [],
          "dependencies": [
            "aws_s3_bucket.athena_query_results_bucket"
          ]
        }
      ]
    },
    {
      "mode": "managed",
      "type": "aws_s3_bucket_logging",
      "name": "health_events_bucket_logging",
      "provider": "provider[\"registry.terraform.io/hashicorp/aws\"]",
      "instances": [
        {
          "schema_version": 0,
          "attributes": {
            "bucket": "aws-health-events-records-686255945458-us-east-1",
            "expected_bucket_owner": "",
            "id": "aws-health-events-records-686255945458-us-east-1",
            "target_bucket": "aws-health-events-records-686255945458-us-east-1",
            "target_grant": [],
            "target_object_key_format": [],
            "target_prefix": "access-logs/"
          },
          "sensitive_attributes": [],
          "private": "bnVsbA==",
          "dependencies": [
            "aws_s3_bucket.health_events_bucket"
          ]
        }
      ]
    },
    {
      "mode": "managed",
      "type": "aws_s3_bucket_ownership_controls",
      "name": "athena_query_results_bucket_ownership",
      "provider": "provider[\"registry.terraform.io/hashicorp/aws\"]",
      "instances": [
        {
          "schema_version": 0,
          "attributes": {
            "bucket": "aws-health-events-athena-results-686255945458-us-east-1",
            "id": "aws-health-events-athena-results-686255945458-us-east-1",
            "rule": [
              {
                "object_ownership": "BucketOwnerPreferred"
              }
            ]
          },
          "sensitive_attributes": [],
          "private": "bnVsbA==",
          "dependencies": [
            "aws_s3_bucket.athena_query_results_bucket"
          ]
        }
      ]
    },
    {
      "mode": "managed",
      "type": "aws_s3_bucket_ownership_controls",
      "name": "health_events_bucket_ownership",
      "provider": "provider[\"registry.terraform.io/hashicorp/aws\"]",
      "instances": [
        {
          "schema_version": 0,
          "attributes": {
            "bucket": "aws-health-events-records-686255945458-us-east-1",
            "id": "aws-health-events-records-686255945458-us-east-1",
            "rule": [
              {
                "object_ownership": "BucketOwnerPreferred"
              }
            ]
          },
          "sensitive_attributes": [],
          "private": "bnVsbA==",
          "dependencies": [
            "aws_s3_bucket.health_events_bucket"
          ]
        }
      ]
    },
    {
      "mode": "managed",
      "type": "aws_s3_bucket_public_access_block",
      "name": "athena_query_results_bucket_public_access",
      "provider": "provider[\"registry.terraform.io/hashicorp/aws\"]",
      "instances": [
        {
          "schema_version": 0,
          "attributes": {
            "block_public_acls": true,
            "block_public_policy": true,
            "bucket": "aws-health-events-athena-results-686255945458-us-east-1",
            "id": "aws-health-events-athena-results-686255945458-us-east-1",
            "ignore_public_acls": true,
            "restrict_public_buckets": true
          },
          "sensitive_attributes": [],
          "private": "bnVsbA==",
          "dependencies": [
            "aws_s3_bucket.athena_query_results_bucket"
          ]
        }
      ]
    },
    {
      "mode": "managed",
      "type": "aws_s3_bucket_public_access_block",
      "name": "health_events_bucket_public_access",
      "provider": "provider[\"registry.terraform.io/hashicorp/aws\"]",
      "instances": [
        {
          "schema_version": 0,
          "attributes": {
            "block_public_acls": true,
            "block_public_policy": true,
            "bucket": "aws-health-events-records-686255945458-us-east-1",
            "id": "aws-health-events-records-686255945458-us-east-1",
            "ignore_public_acls": true,
            "restrict_public_buckets": true
          },
          "sensitive_attributes": [],
          "private": "bnVsbA==",
          "dependencies": [
            "aws_s3_bucket.health_events_bucket"
          ]
        }
      ]
    },
    {
      "mode": "managed",
      "type": "aws_s3_bucket_server_side_encryption_configuration",
      "name": "athena_query_results_bucket_encryption",
      "provider": "provider[\"registry.terraform.io/hashicorp/aws\"]",
      "instances": [
        {
          "schema_version": 0,
          "attributes": {
            "bucket": "aws-health-events-athena-results-686255945458-us-east-1",
            "expected_bucket_owner": "",
            "id": "aws-health-events-athena-results-686255945458-us-east-1",
            "rule": [
              {
                "apply_server_side_encryption_by_default": [
                  {
                    "kms_master_key_id": "",
                    "sse_algorithm": "AES256"
                  }
                ],
                "bucket_key_enabled": false
              }
            ]
          },
          "sensitive_attributes": [],
          "private": "bnVsbA==",
          "dependencies": [
            "aws_s3_bucket.athena_query_results_bucket"
          ]
        }
      ]
    },
    {
      "mode": "managed",
      "type": "aws_s3_bucket_server_side_encryption_configuration",
      "name": "health_events_bucket_encryption",
      "provider": "provider[\"registry.terraform.io/hashicorp/aws\"]",
      "instances": [
        {
          "schema_version": 0,
          "attributes": {
            "bucket": "aws-health-events-records-686255945458-us-east-1",
            "expected_bucket_owner": "",
            "id": "aws-health-events-records-686255945458-us-east-1",
            "rule": [
              {
                "apply_server_side_encryption_by_default": [
                  {
                    "kms_master_key_id": "",
                    "sse_algorithm": "AES256"
                  }
                ],
                "bucket_key_enabled": false
              }
            ]
          },
          "sensitive_attributes": [],
          "private": "bnVsbA==",
          "dependencies": [
            "aws_s3_bucket.health_events_bucket"
          ]
        }
      ]
    }
  ],
  "check_results": null
}
